// !$*UTF8*$!
{
	archiveVersion = 1;
	classes = {
	};
	objectVersion = 56;
	objects = {

/* Begin PBXBuildFile section */
		BF0186D52B87FBCB0051746C /* MatchesView.swift in Sources */ = {isa = PBXBuildFile; fileRef = BF0186D42B87FBCB0051746C /* MatchesView.swift */; };
		BF0186D72B87FDA60051746C /* Models.swift in Sources */ = {isa = PBXBuildFile; fileRef = BF0186D62B87FDA60051746C /* Models.swift */; };
		BF0186D92B87FF540051746C /* PreviewData.swift in Sources */ = {isa = PBXBuildFile; fileRef = BF0186D82B87FF540051746C /* PreviewData.swift */; };
		BF0186DB2B8904730051746C /* SwipeViewModel.swift in Sources */ = {isa = PBXBuildFile; fileRef = BF0186DA2B8904730051746C /* SwipeViewModel.swift */; };
		BF0186DD2B89056F0051746C /* SwipeController.swift in Sources */ = {isa = PBXBuildFile; fileRef = BF0186DC2B89056F0051746C /* SwipeController.swift */; };
		BF09FDAF2B8BC7F200F97F76 /* OnboardingController.swift in Sources */ = {isa = PBXBuildFile; fileRef = BF09FDAE2B8BC7F200F97F76 /* OnboardingController.swift */; };
		BF09FDB12B8C55C500F97F76 /* MatchController.swift in Sources */ = {isa = PBXBuildFile; fileRef = BF09FDB02B8C55C500F97F76 /* MatchController.swift */; };
		BF09FDB32B8C55CE00F97F76 /* MatchView.swift in Sources */ = {isa = PBXBuildFile; fileRef = BF09FDB22B8C55CE00F97F76 /* MatchView.swift */; };
		BF09FDB52B8C58FC00F97F76 /* MatchesController.swift in Sources */ = {isa = PBXBuildFile; fileRef = BF09FDB42B8C58FC00F97F76 /* MatchesController.swift */; };
		BF09FDB72B8C591D00F97F76 /* MatchViewModel.swift in Sources */ = {isa = PBXBuildFile; fileRef = BF09FDB62B8C591D00F97F76 /* MatchViewModel.swift */; };
		BF09FDB92B8CFD0500F97F76 /* ChatView.swift in Sources */ = {isa = PBXBuildFile; fileRef = BF09FDB82B8CFD0500F97F76 /* ChatView.swift */; };
		BF09FDBB2B8D039000F97F76 /* ChatViewModel.swift in Sources */ = {isa = PBXBuildFile; fileRef = BF09FDBA2B8D039000F97F76 /* ChatViewModel.swift */; };
		BF09FDBD2B8D052500F97F76 /* ChatController.swift in Sources */ = {isa = PBXBuildFile; fileRef = BF09FDBC2B8D052500F97F76 /* ChatController.swift */; };
		BF09FDBF2B8D212100F97F76 /* ProfileController.swift in Sources */ = {isa = PBXBuildFile; fileRef = BF09FDBE2B8D212100F97F76 /* ProfileController.swift */; };
		BF09FDC12B8D298F00F97F76 /* ProfileEditView.swift in Sources */ = {isa = PBXBuildFile; fileRef = BF09FDC02B8D298F00F97F76 /* ProfileEditView.swift */; };
		BF09FDC52B8D55B500F97F76 /* Utils.swift in Sources */ = {isa = PBXBuildFile; fileRef = BF09FDC42B8D55B500F97F76 /* Utils.swift */; };
		BF67C87A2B8E2E8F00899472 /* ProfileImageEditor.swift in Sources */ = {isa = PBXBuildFile; fileRef = BF67C8792B8E2E8F00899472 /* ProfileImageEditor.swift */; };
		BF67C87C2B8FC4FD00899472 /* LikesController.swift in Sources */ = {isa = PBXBuildFile; fileRef = BF67C87B2B8FC4FD00899472 /* LikesController.swift */; };
		BF67C87E2B8FC51500899472 /* LikesView.swift in Sources */ = {isa = PBXBuildFile; fileRef = BF67C87D2B8FC51500899472 /* LikesView.swift */; };
		BF67C8802B8FC57700899472 /* LikeView.swift in Sources */ = {isa = PBXBuildFile; fileRef = BF67C87F2B8FC57700899472 /* LikeView.swift */; };
		BF74A3A12B8A7D9E00D87E99 /* ProfileViewModel.swift in Sources */ = {isa = PBXBuildFile; fileRef = BF74A3A02B8A7D9E00D87E99 /* ProfileViewModel.swift */; };
		BF74A3A32B8A7F4A00D87E99 /* OnboardingView.swift in Sources */ = {isa = PBXBuildFile; fileRef = BF74A3A22B8A7F4A00D87E99 /* OnboardingView.swift */; };
		BF74A3A62B8AA70100D87E99 /* MapKit.framework in Frameworks */ = {isa = PBXBuildFile; fileRef = BF74A3A52B8AA70100D87E99 /* MapKit.framework */; };
		BFE41C472B87D64C004462A4 /* HotOrBotApp.swift in Sources */ = {isa = PBXBuildFile; fileRef = BFE41C462B87D64C004462A4 /* HotOrBotApp.swift */; };
		BFE41C492B87D64C004462A4 /* ContentView.swift in Sources */ = {isa = PBXBuildFile; fileRef = BFE41C482B87D64C004462A4 /* ContentView.swift */; };
		BFE41C4B2B87D650004462A4 /* Assets.xcassets in Resources */ = {isa = PBXBuildFile; fileRef = BFE41C4A2B87D650004462A4 /* Assets.xcassets */; };
		BFE41C4E2B87D650004462A4 /* Preview Assets.xcassets in Resources */ = {isa = PBXBuildFile; fileRef = BFE41C4D2B87D650004462A4 /* Preview Assets.xcassets */; };
		BFE41C562B87D690004462A4 /* Auth in Frameworks */ = {isa = PBXBuildFile; productRef = BFE41C552B87D690004462A4 /* Auth */; };
		BFE41C582B87D690004462A4 /* Functions in Frameworks */ = {isa = PBXBuildFile; productRef = BFE41C572B87D690004462A4 /* Functions */; };
		BFE41C5A2B87D690004462A4 /* PostgREST in Frameworks */ = {isa = PBXBuildFile; productRef = BFE41C592B87D690004462A4 /* PostgREST */; };
		BFE41C5C2B87D690004462A4 /* Realtime in Frameworks */ = {isa = PBXBuildFile; productRef = BFE41C5B2B87D690004462A4 /* Realtime */; };
		BFE41C5E2B87D690004462A4 /* Storage in Frameworks */ = {isa = PBXBuildFile; productRef = BFE41C5D2B87D690004462A4 /* Storage */; };
		BFE41C602B87D690004462A4 /* Supabase in Frameworks */ = {isa = PBXBuildFile; productRef = BFE41C5F2B87D690004462A4 /* Supabase */; };
		BFE41C622B87D6A5004462A4 /* Supabase.swift in Sources */ = {isa = PBXBuildFile; fileRef = BFE41C612B87D6A5004462A4 /* Supabase.swift */; };
		BFE41C642B87F96D004462A4 /* LoginView.swift in Sources */ = {isa = PBXBuildFile; fileRef = BFE41C632B87F96D004462A4 /* LoginView.swift */; };
		BFE41C682B87FA38004462A4 /* ProfileView.swift in Sources */ = {isa = PBXBuildFile; fileRef = BFE41C672B87FA38004462A4 /* ProfileView.swift */; };
		BFE41C6A2B87FA4C004462A4 /* SwipeView.swift in Sources */ = {isa = PBXBuildFile; fileRef = BFE41C692B87FA4C004462A4 /* SwipeView.swift */; };
/* End PBXBuildFile section */

/* Begin PBXFileReference section */
		BF0186D42B87FBCB0051746C /* MatchesView.swift */ = {isa = PBXFileReference; lastKnownFileType = sourcecode.swift; path = MatchesView.swift; sourceTree = "<group>"; };
		BF0186D62B87FDA60051746C /* Models.swift */ = {isa = PBXFileReference; lastKnownFileType = sourcecode.swift; path = Models.swift; sourceTree = "<group>"; };
		BF0186D82B87FF540051746C /* PreviewData.swift */ = {isa = PBXFileReference; lastKnownFileType = sourcecode.swift; path = PreviewData.swift; sourceTree = "<group>"; };
		BF0186DA2B8904730051746C /* SwipeViewModel.swift */ = {isa = PBXFileReference; lastKnownFileType = sourcecode.swift; path = SwipeViewModel.swift; sourceTree = "<group>"; };
		BF0186DC2B89056F0051746C /* SwipeController.swift */ = {isa = PBXFileReference; lastKnownFileType = sourcecode.swift; path = SwipeController.swift; sourceTree = "<group>"; };
		BF0186DE2B890F3A0051746C /* HotOrBot.entitlements */ = {isa = PBXFileReference; lastKnownFileType = text.plist.entitlements; path = HotOrBot.entitlements; sourceTree = "<group>"; };
		BF09FDAE2B8BC7F200F97F76 /* OnboardingController.swift */ = {isa = PBXFileReference; lastKnownFileType = sourcecode.swift; path = OnboardingController.swift; sourceTree = "<group>"; };
		BF09FDB02B8C55C500F97F76 /* MatchController.swift */ = {isa = PBXFileReference; lastKnownFileType = sourcecode.swift; path = MatchController.swift; sourceTree = "<group>"; };
		BF09FDB22B8C55CE00F97F76 /* MatchView.swift */ = {isa = PBXFileReference; lastKnownFileType = sourcecode.swift; path = MatchView.swift; sourceTree = "<group>"; };
		BF09FDB42B8C58FC00F97F76 /* MatchesController.swift */ = {isa = PBXFileReference; lastKnownFileType = sourcecode.swift; path = MatchesController.swift; sourceTree = "<group>"; };
		BF09FDB62B8C591D00F97F76 /* MatchViewModel.swift */ = {isa = PBXFileReference; lastKnownFileType = sourcecode.swift; path = MatchViewModel.swift; sourceTree = "<group>"; };
		BF09FDB82B8CFD0500F97F76 /* ChatView.swift */ = {isa = PBXFileReference; lastKnownFileType = sourcecode.swift; path = ChatView.swift; sourceTree = "<group>"; };
		BF09FDBA2B8D039000F97F76 /* ChatViewModel.swift */ = {isa = PBXFileReference; lastKnownFileType = sourcecode.swift; path = ChatViewModel.swift; sourceTree = "<group>"; };
		BF09FDBC2B8D052500F97F76 /* ChatController.swift */ = {isa = PBXFileReference; lastKnownFileType = sourcecode.swift; path = ChatController.swift; sourceTree = "<group>"; };
		BF09FDBE2B8D212100F97F76 /* ProfileController.swift */ = {isa = PBXFileReference; lastKnownFileType = sourcecode.swift; path = ProfileController.swift; sourceTree = "<group>"; };
		BF09FDC02B8D298F00F97F76 /* ProfileEditView.swift */ = {isa = PBXFileReference; lastKnownFileType = sourcecode.swift; path = ProfileEditView.swift; sourceTree = "<group>"; };
		BF09FDC42B8D55B500F97F76 /* Utils.swift */ = {isa = PBXFileReference; lastKnownFileType = sourcecode.swift; path = Utils.swift; sourceTree = "<group>"; };
		BF67C8792B8E2E8F00899472 /* ProfileImageEditor.swift */ = {isa = PBXFileReference; lastKnownFileType = sourcecode.swift; path = ProfileImageEditor.swift; sourceTree = "<group>"; };
		BF67C87B2B8FC4FD00899472 /* LikesController.swift */ = {isa = PBXFileReference; lastKnownFileType = sourcecode.swift; path = LikesController.swift; sourceTree = "<group>"; };
		BF67C87D2B8FC51500899472 /* LikesView.swift */ = {isa = PBXFileReference; lastKnownFileType = sourcecode.swift; path = LikesView.swift; sourceTree = "<group>"; };
		BF67C87F2B8FC57700899472 /* LikeView.swift */ = {isa = PBXFileReference; lastKnownFileType = sourcecode.swift; path = LikeView.swift; sourceTree = "<group>"; };
		BF74A3A02B8A7D9E00D87E99 /* ProfileViewModel.swift */ = {isa = PBXFileReference; lastKnownFileType = sourcecode.swift; path = ProfileViewModel.swift; sourceTree = "<group>"; };
		BF74A3A22B8A7F4A00D87E99 /* OnboardingView.swift */ = {isa = PBXFileReference; lastKnownFileType = sourcecode.swift; path = OnboardingView.swift; sourceTree = "<group>"; };
		BF74A3A52B8AA70100D87E99 /* MapKit.framework */ = {isa = PBXFileReference; lastKnownFileType = wrapper.framework; name = MapKit.framework; path = System/Library/Frameworks/MapKit.framework; sourceTree = SDKROOT; };
		BF74A3A72B8AAADE00D87E99 /* Info.plist */ = {isa = PBXFileReference; lastKnownFileType = text.plist; path = Info.plist; sourceTree = "<group>"; };
		BFE41C432B87D64C004462A4 /* HotOrBot.app */ = {isa = PBXFileReference; explicitFileType = wrapper.application; includeInIndex = 0; path = HotOrBot.app; sourceTree = BUILT_PRODUCTS_DIR; };
		BFE41C462B87D64C004462A4 /* HotOrBotApp.swift */ = {isa = PBXFileReference; lastKnownFileType = sourcecode.swift; path = HotOrBotApp.swift; sourceTree = "<group>"; };
		BFE41C482B87D64C004462A4 /* ContentView.swift */ = {isa = PBXFileReference; lastKnownFileType = sourcecode.swift; path = ContentView.swift; sourceTree = "<group>"; };
		BFE41C4A2B87D650004462A4 /* Assets.xcassets */ = {isa = PBXFileReference; lastKnownFileType = folder.assetcatalog; path = Assets.xcassets; sourceTree = "<group>"; };
		BFE41C4D2B87D650004462A4 /* Preview Assets.xcassets */ = {isa = PBXFileReference; lastKnownFileType = folder.assetcatalog; path = "Preview Assets.xcassets"; sourceTree = "<group>"; };
		BFE41C612B87D6A5004462A4 /* Supabase.swift */ = {isa = PBXFileReference; lastKnownFileType = sourcecode.swift; path = Supabase.swift; sourceTree = "<group>"; };
		BFE41C632B87F96D004462A4 /* LoginView.swift */ = {isa = PBXFileReference; lastKnownFileType = sourcecode.swift; path = LoginView.swift; sourceTree = "<group>"; };
		BFE41C672B87FA38004462A4 /* ProfileView.swift */ = {isa = PBXFileReference; lastKnownFileType = sourcecode.swift; path = ProfileView.swift; sourceTree = "<group>"; };
		BFE41C692B87FA4C004462A4 /* SwipeView.swift */ = {isa = PBXFileReference; lastKnownFileType = sourcecode.swift; path = SwipeView.swift; sourceTree = "<group>"; };
/* End PBXFileReference section */

/* Begin PBXFrameworksBuildPhase section */
		BFE41C402B87D64C004462A4 /* Frameworks */ = {
			isa = PBXFrameworksBuildPhase;
			buildActionMask = 2147483647;
			files = (
				BFE41C5A2B87D690004462A4 /* PostgREST in Frameworks */,
				BFE41C582B87D690004462A4 /* Functions in Frameworks */,
				BFE41C602B87D690004462A4 /* Supabase in Frameworks */,
				BFE41C562B87D690004462A4 /* Auth in Frameworks */,
				BF74A3A62B8AA70100D87E99 /* MapKit.framework in Frameworks */,
				BFE41C5E2B87D690004462A4 /* Storage in Frameworks */,
				BFE41C5C2B87D690004462A4 /* Realtime in Frameworks */,
			);
			runOnlyForDeploymentPostprocessing = 0;
		};
/* End PBXFrameworksBuildPhase section */

/* Begin PBXGroup section */
		BF74A3A42B8AA70100D87E99 /* Frameworks */ = {
			isa = PBXGroup;
			children = (
				BF74A3A52B8AA70100D87E99 /* MapKit.framework */,
			);
			name = Frameworks;
			sourceTree = "<group>";
		};
		BFE41C3A2B87D64C004462A4 = {
			isa = PBXGroup;
			children = (
				BFE41C452B87D64C004462A4 /* HotOrBot */,
				BFE41C442B87D64C004462A4 /* Products */,
				BF74A3A42B8AA70100D87E99 /* Frameworks */,
			);
			sourceTree = "<group>";
		};
		BFE41C442B87D64C004462A4 /* Products */ = {
			isa = PBXGroup;
			children = (
				BFE41C432B87D64C004462A4 /* HotOrBot.app */,
			);
			name = Products;
			sourceTree = "<group>";
		};
		BFE41C452B87D64C004462A4 /* HotOrBot */ = {
			isa = PBXGroup;
			children = (
				BF74A3A72B8AAADE00D87E99 /* Info.plist */,
				BF0186DE2B890F3A0051746C /* HotOrBot.entitlements */,
				BFE41C462B87D64C004462A4 /* HotOrBotApp.swift */,
				BFE41C482B87D64C004462A4 /* ContentView.swift */,
				BFE41C4A2B87D650004462A4 /* Assets.xcassets */,
				BFE41C4C2B87D650004462A4 /* Preview Content */,
				BFE41C612B87D6A5004462A4 /* Supabase.swift */,
				BFE41C632B87F96D004462A4 /* LoginView.swift */,
				BFE41C672B87FA38004462A4 /* ProfileView.swift */,
				BFE41C692B87FA4C004462A4 /* SwipeView.swift */,
				BF0186D42B87FBCB0051746C /* MatchesView.swift */,
				BF0186D62B87FDA60051746C /* Models.swift */,
				BF0186DA2B8904730051746C /* SwipeViewModel.swift */,
				BF0186DC2B89056F0051746C /* SwipeController.swift */,
				BF74A3A02B8A7D9E00D87E99 /* ProfileViewModel.swift */,
				BF74A3A22B8A7F4A00D87E99 /* OnboardingView.swift */,
				BF09FDAE2B8BC7F200F97F76 /* OnboardingController.swift */,
				BF09FDB02B8C55C500F97F76 /* MatchController.swift */,
				BF09FDB22B8C55CE00F97F76 /* MatchView.swift */,
				BF09FDB42B8C58FC00F97F76 /* MatchesController.swift */,
				BF09FDB62B8C591D00F97F76 /* MatchViewModel.swift */,
				BF09FDB82B8CFD0500F97F76 /* ChatView.swift */,
				BF09FDBA2B8D039000F97F76 /* ChatViewModel.swift */,
				BF09FDBC2B8D052500F97F76 /* ChatController.swift */,
				BF09FDBE2B8D212100F97F76 /* ProfileController.swift */,
				BF09FDC02B8D298F00F97F76 /* ProfileEditView.swift */,
				BF09FDC42B8D55B500F97F76 /* Utils.swift */,
				BF67C8792B8E2E8F00899472 /* ProfileImageEditor.swift */,
				BF67C87B2B8FC4FD00899472 /* LikesController.swift */,
				BF67C87D2B8FC51500899472 /* LikesView.swift */,
				BF67C87F2B8FC57700899472 /* LikeView.swift */,
			);
			path = HotOrBot;
			sourceTree = "<group>";
		};
		BFE41C4C2B87D650004462A4 /* Preview Content */ = {
			isa = PBXGroup;
			children = (
				BFE41C4D2B87D650004462A4 /* Preview Assets.xcassets */,
				BF0186D82B87FF540051746C /* PreviewData.swift */,
			);
			path = "Preview Content";
			sourceTree = "<group>";
		};
/* End PBXGroup section */

/* Begin PBXNativeTarget section */
		BFE41C422B87D64C004462A4 /* HotOrBot */ = {
			isa = PBXNativeTarget;
			buildConfigurationList = BFE41C512B87D650004462A4 /* Build configuration list for PBXNativeTarget "HotOrBot" */;
			buildPhases = (
				BFE41C3F2B87D64C004462A4 /* Sources */,
				BFE41C402B87D64C004462A4 /* Frameworks */,
				BFE41C412B87D64C004462A4 /* Resources */,
			);
			buildRules = (
			);
			dependencies = (
			);
			name = HotOrBot;
			packageProductDependencies = (
				BFE41C552B87D690004462A4 /* Auth */,
				BFE41C572B87D690004462A4 /* Functions */,
				BFE41C592B87D690004462A4 /* PostgREST */,
				BFE41C5B2B87D690004462A4 /* Realtime */,
				BFE41C5D2B87D690004462A4 /* Storage */,
				BFE41C5F2B87D690004462A4 /* Supabase */,
			);
			productName = HotOrBot;
			productReference = BFE41C432B87D64C004462A4 /* HotOrBot.app */;
			productType = "com.apple.product-type.application";
		};
/* End PBXNativeTarget section */

/* Begin PBXProject section */
		BFE41C3B2B87D64C004462A4 /* Project object */ = {
			isa = PBXProject;
			attributes = {
				BuildIndependentTargetsInParallel = 1;
				LastSwiftUpdateCheck = 1520;
				LastUpgradeCheck = 1520;
				TargetAttributes = {
					BFE41C422B87D64C004462A4 = {
						CreatedOnToolsVersion = 15.2;
					};
				};
			};
			buildConfigurationList = BFE41C3E2B87D64C004462A4 /* Build configuration list for PBXProject "HotOrBot" */;
			compatibilityVersion = "Xcode 14.0";
			developmentRegion = en;
			hasScannedForEncodings = 0;
			knownRegions = (
				en,
				Base,
			);
			mainGroup = BFE41C3A2B87D64C004462A4;
			packageReferences = (
				BFE41C542B87D690004462A4 /* XCRemoteSwiftPackageReference "supabase-swift" */,
			);
			productRefGroup = BFE41C442B87D64C004462A4 /* Products */;
			projectDirPath = "";
			projectRoot = "";
			targets = (
				BFE41C422B87D64C004462A4 /* HotOrBot */,
			);
		};
/* End PBXProject section */

/* Begin PBXResourcesBuildPhase section */
		BFE41C412B87D64C004462A4 /* Resources */ = {
			isa = PBXResourcesBuildPhase;
			buildActionMask = 2147483647;
			files = (
				BFE41C4E2B87D650004462A4 /* Preview Assets.xcassets in Resources */,
				BFE41C4B2B87D650004462A4 /* Assets.xcassets in Resources */,
			);
			runOnlyForDeploymentPostprocessing = 0;
		};
/* End PBXResourcesBuildPhase section */

/* Begin PBXSourcesBuildPhase section */
		BFE41C3F2B87D64C004462A4 /* Sources */ = {
			isa = PBXSourcesBuildPhase;
			buildActionMask = 2147483647;
			files = (
				BF09FDB92B8CFD0500F97F76 /* ChatView.swift in Sources */,
				BF0186DD2B89056F0051746C /* SwipeController.swift in Sources */,
				BF09FDBD2B8D052500F97F76 /* ChatController.swift in Sources */,
				BFE41C492B87D64C004462A4 /* ContentView.swift in Sources */,
				BF09FDB32B8C55CE00F97F76 /* MatchView.swift in Sources */,
				BF0186DB2B8904730051746C /* SwipeViewModel.swift in Sources */,
				BF0186D52B87FBCB0051746C /* MatchesView.swift in Sources */,
				BF09FDBF2B8D212100F97F76 /* ProfileController.swift in Sources */,
				BFE41C622B87D6A5004462A4 /* Supabase.swift in Sources */,
				BF09FDC12B8D298F00F97F76 /* ProfileEditView.swift in Sources */,
				BF67C87E2B8FC51500899472 /* LikesView.swift in Sources */,
				BF0186D72B87FDA60051746C /* Models.swift in Sources */,
				BF74A3A12B8A7D9E00D87E99 /* ProfileViewModel.swift in Sources */,
				BFE41C682B87FA38004462A4 /* ProfileView.swift in Sources */,
				BF0186D92B87FF540051746C /* PreviewData.swift in Sources */,
				BF67C87C2B8FC4FD00899472 /* LikesController.swift in Sources */,
				BF67C87A2B8E2E8F00899472 /* ProfileImageEditor.swift in Sources */,
				BF09FDB72B8C591D00F97F76 /* MatchViewModel.swift in Sources */,
				BF09FDB52B8C58FC00F97F76 /* MatchesController.swift in Sources */,
				BFE41C6A2B87FA4C004462A4 /* SwipeView.swift in Sources */,
				BF09FDAF2B8BC7F200F97F76 /* OnboardingController.swift in Sources */,
				BF67C8802B8FC57700899472 /* LikeView.swift in Sources */,
				BFE41C642B87F96D004462A4 /* LoginView.swift in Sources */,
				BF74A3A32B8A7F4A00D87E99 /* OnboardingView.swift in Sources */,
				BF09FDB12B8C55C500F97F76 /* MatchController.swift in Sources */,
				BF09FDBB2B8D039000F97F76 /* ChatViewModel.swift in Sources */,
				BFE41C472B87D64C004462A4 /* HotOrBotApp.swift in Sources */,
				BF09FDC52B8D55B500F97F76 /* Utils.swift in Sources */,
			);
			runOnlyForDeploymentPostprocessing = 0;
		};
/* End PBXSourcesBuildPhase section */

/* Begin XCBuildConfiguration section */
		BFE41C4F2B87D650004462A4 /* Debug */ = {
			isa = XCBuildConfiguration;
			buildSettings = {
				ALWAYS_SEARCH_USER_PATHS = NO;
				ASSETCATALOG_COMPILER_GENERATE_SWIFT_ASSET_SYMBOL_EXTENSIONS = YES;
				CLANG_ANALYZER_NONNULL = YES;
				CLANG_ANALYZER_NUMBER_OBJECT_CONVERSION = YES_AGGRESSIVE;
				CLANG_CXX_LANGUAGE_STANDARD = "gnu++20";
				CLANG_ENABLE_MODULES = YES;
				CLANG_ENABLE_OBJC_ARC = YES;
				CLANG_ENABLE_OBJC_WEAK = YES;
				CLANG_WARN_BLOCK_CAPTURE_AUTORELEASING = YES;
				CLANG_WARN_BOOL_CONVERSION = YES;
				CLANG_WARN_COMMA = YES;
				CLANG_WARN_CONSTANT_CONVERSION = YES;
				CLANG_WARN_DEPRECATED_OBJC_IMPLEMENTATIONS = YES;
				CLANG_WARN_DIRECT_OBJC_ISA_USAGE = YES_ERROR;
				CLANG_WARN_DOCUMENTATION_COMMENTS = YES;
				CLANG_WARN_EMPTY_BODY = YES;
				CLANG_WARN_ENUM_CONVERSION = YES;
				CLANG_WARN_INFINITE_RECURSION = YES;
				CLANG_WARN_INT_CONVERSION = YES;
				CLANG_WARN_NON_LITERAL_NULL_CONVERSION = YES;
				CLANG_WARN_OBJC_IMPLICIT_RETAIN_SELF = YES;
				CLANG_WARN_OBJC_LITERAL_CONVERSION = YES;
				CLANG_WARN_OBJC_ROOT_CLASS = YES_ERROR;
				CLANG_WARN_QUOTED_INCLUDE_IN_FRAMEWORK_HEADER = YES;
				CLANG_WARN_RANGE_LOOP_ANALYSIS = YES;
				CLANG_WARN_STRICT_PROTOTYPES = YES;
				CLANG_WARN_SUSPICIOUS_MOVE = YES;
				CLANG_WARN_UNGUARDED_AVAILABILITY = YES_AGGRESSIVE;
				CLANG_WARN_UNREACHABLE_CODE = YES;
				CLANG_WARN__DUPLICATE_METHOD_MATCH = YES;
				COPY_PHASE_STRIP = NO;
				DEBUG_INFORMATION_FORMAT = dwarf;
				ENABLE_STRICT_OBJC_MSGSEND = YES;
				ENABLE_TESTABILITY = YES;
				ENABLE_USER_SCRIPT_SANDBOXING = YES;
				GCC_C_LANGUAGE_STANDARD = gnu17;
				GCC_DYNAMIC_NO_PIC = NO;
				GCC_NO_COMMON_BLOCKS = YES;
				GCC_OPTIMIZATION_LEVEL = 0;
				GCC_PREPROCESSOR_DEFINITIONS = (
					"DEBUG=1",
					"$(inherited)",
				);
				GCC_WARN_64_TO_32_BIT_CONVERSION = YES;
				GCC_WARN_ABOUT_RETURN_TYPE = YES_ERROR;
				GCC_WARN_UNDECLARED_SELECTOR = YES;
				GCC_WARN_UNINITIALIZED_AUTOS = YES_AGGRESSIVE;
				GCC_WARN_UNUSED_FUNCTION = YES;
				GCC_WARN_UNUSED_VARIABLE = YES;
				IPHONEOS_DEPLOYMENT_TARGET = 17.2;
				LOCALIZATION_PREFERS_STRING_CATALOGS = YES;
				MTL_ENABLE_DEBUG_INFO = INCLUDE_SOURCE;
				MTL_FAST_MATH = YES;
				ONLY_ACTIVE_ARCH = YES;
				SDKROOT = iphoneos;
				SWIFT_ACTIVE_COMPILATION_CONDITIONS = "DEBUG $(inherited)";
				SWIFT_OPTIMIZATION_LEVEL = "-Onone";
			};
			name = Debug;
		};
		BFE41C502B87D650004462A4 /* Release */ = {
			isa = XCBuildConfiguration;
			buildSettings = {
				ALWAYS_SEARCH_USER_PATHS = NO;
				ASSETCATALOG_COMPILER_GENERATE_SWIFT_ASSET_SYMBOL_EXTENSIONS = YES;
				CLANG_ANALYZER_NONNULL = YES;
				CLANG_ANALYZER_NUMBER_OBJECT_CONVERSION = YES_AGGRESSIVE;
				CLANG_CXX_LANGUAGE_STANDARD = "gnu++20";
				CLANG_ENABLE_MODULES = YES;
				CLANG_ENABLE_OBJC_ARC = YES;
				CLANG_ENABLE_OBJC_WEAK = YES;
				CLANG_WARN_BLOCK_CAPTURE_AUTORELEASING = YES;
				CLANG_WARN_BOOL_CONVERSION = YES;
				CLANG_WARN_COMMA = YES;
				CLANG_WARN_CONSTANT_CONVERSION = YES;
				CLANG_WARN_DEPRECATED_OBJC_IMPLEMENTATIONS = YES;
				CLANG_WARN_DIRECT_OBJC_ISA_USAGE = YES_ERROR;
				CLANG_WARN_DOCUMENTATION_COMMENTS = YES;
				CLANG_WARN_EMPTY_BODY = YES;
				CLANG_WARN_ENUM_CONVERSION = YES;
				CLANG_WARN_INFINITE_RECURSION = YES;
				CLANG_WARN_INT_CONVERSION = YES;
				CLANG_WARN_NON_LITERAL_NULL_CONVERSION = YES;
				CLANG_WARN_OBJC_IMPLICIT_RETAIN_SELF = YES;
				CLANG_WARN_OBJC_LITERAL_CONVERSION = YES;
				CLANG_WARN_OBJC_ROOT_CLASS = YES_ERROR;
				CLANG_WARN_QUOTED_INCLUDE_IN_FRAMEWORK_HEADER = YES;
				CLANG_WARN_RANGE_LOOP_ANALYSIS = YES;
				CLANG_WARN_STRICT_PROTOTYPES = YES;
				CLANG_WARN_SUSPICIOUS_MOVE = YES;
				CLANG_WARN_UNGUARDED_AVAILABILITY = YES_AGGRESSIVE;
				CLANG_WARN_UNREACHABLE_CODE = YES;
				CLANG_WARN__DUPLICATE_METHOD_MATCH = YES;
				COPY_PHASE_STRIP = NO;
				DEBUG_INFORMATION_FORMAT = "dwarf-with-dsym";
				ENABLE_NS_ASSERTIONS = NO;
				ENABLE_STRICT_OBJC_MSGSEND = YES;
				ENABLE_USER_SCRIPT_SANDBOXING = YES;
				GCC_C_LANGUAGE_STANDARD = gnu17;
				GCC_NO_COMMON_BLOCKS = YES;
				GCC_WARN_64_TO_32_BIT_CONVERSION = YES;
				GCC_WARN_ABOUT_RETURN_TYPE = YES_ERROR;
				GCC_WARN_UNDECLARED_SELECTOR = YES;
				GCC_WARN_UNINITIALIZED_AUTOS = YES_AGGRESSIVE;
				GCC_WARN_UNUSED_FUNCTION = YES;
				GCC_WARN_UNUSED_VARIABLE = YES;
				IPHONEOS_DEPLOYMENT_TARGET = 17.2;
				LOCALIZATION_PREFERS_STRING_CATALOGS = YES;
				MTL_ENABLE_DEBUG_INFO = NO;
				MTL_FAST_MATH = YES;
				SDKROOT = iphoneos;
				SWIFT_COMPILATION_MODE = wholemodule;
				VALIDATE_PRODUCT = YES;
			};
			name = Release;
		};
		BFE41C522B87D650004462A4 /* Debug */ = {
			isa = XCBuildConfiguration;
			buildSettings = {
				ASSETCATALOG_COMPILER_APPICON_NAME = AppIcon;
				ASSETCATALOG_COMPILER_GLOBAL_ACCENT_COLOR_NAME = AccentColor;
				CODE_SIGN_ENTITLEMENTS = HotOrBot/HotOrBot.entitlements;
				CODE_SIGN_STYLE = Automatic;
				CURRENT_PROJECT_VERSION = 1;
				DEVELOPMENT_ASSET_PATHS = "\"HotOrBot/Preview Content\"";
				DEVELOPMENT_TEAM = R67KRJS7KF;
				ENABLE_PREVIEWS = YES;
				GENERATE_INFOPLIST_FILE = YES;
				INFOPLIST_FILE = HotOrBot/Info.plist;
				INFOPLIST_KEY_CFBundleDisplayName = "Hot or Bot Debug";
				INFOPLIST_KEY_LSApplicationCategoryType = "";
				INFOPLIST_KEY_NSLocationAlwaysAndWhenInUseUsageDescription = "We need your location so we can match you with people in your area";
				INFOPLIST_KEY_NSLocationWhenInUseUsageDescription = "We need your location so we can match you with people in your area";
				INFOPLIST_KEY_UIApplicationSceneManifest_Generation = YES;
				INFOPLIST_KEY_UIApplicationSupportsIndirectInputEvents = YES;
				INFOPLIST_KEY_UILaunchScreen_Generation = YES;
				INFOPLIST_KEY_UISupportedInterfaceOrientations_iPad = "UIInterfaceOrientationPortrait UIInterfaceOrientationPortraitUpsideDown UIInterfaceOrientationLandscapeLeft UIInterfaceOrientationLandscapeRight";
				INFOPLIST_KEY_UISupportedInterfaceOrientations_iPhone = "UIInterfaceOrientationPortrait UIInterfaceOrientationLandscapeLeft UIInterfaceOrientationLandscapeRight";
				LD_RUNPATH_SEARCH_PATHS = (
					"$(inherited)",
					"@executable_path/Frameworks",
				);
				MARKETING_VERSION = 1.0;
				PRODUCT_BUNDLE_IDENTIFIER = com.carlosdp.HotOrBot.debug;
				PRODUCT_NAME = "$(TARGET_NAME)";
				SWIFT_EMIT_LOC_STRINGS = YES;
				SWIFT_VERSION = 5.0;
				TARGETED_DEVICE_FAMILY = "1,2";
			};
			name = Debug;
		};
		BFE41C532B87D650004462A4 /* Release */ = {
			isa = XCBuildConfiguration;
			buildSettings = {
				ASSETCATALOG_COMPILER_APPICON_NAME = AppIcon;
				ASSETCATALOG_COMPILER_GLOBAL_ACCENT_COLOR_NAME = AccentColor;
				CODE_SIGN_ENTITLEMENTS = HotOrBot/HotOrBot.entitlements;
				CODE_SIGN_STYLE = Automatic;
				CURRENT_PROJECT_VERSION = 1;
				DEVELOPMENT_ASSET_PATHS = "\"HotOrBot/Preview Content\"";
				DEVELOPMENT_TEAM = R67KRJS7KF;
				ENABLE_PREVIEWS = YES;
				GENERATE_INFOPLIST_FILE = YES;
				INFOPLIST_FILE = HotOrBot/Info.plist;
				INFOPLIST_KEY_CFBundleDisplayName = "Hot or Bot Debug";
				INFOPLIST_KEY_LSApplicationCategoryType = "";
				INFOPLIST_KEY_NSLocationAlwaysAndWhenInUseUsageDescription = "We need your location so we can match you with people in your area";
				INFOPLIST_KEY_NSLocationWhenInUseUsageDescription = "We need your location so we can match you with people in your area";
				INFOPLIST_KEY_UIApplicationSceneManifest_Generation = YES;
				INFOPLIST_KEY_UIApplicationSupportsIndirectInputEvents = YES;
				INFOPLIST_KEY_UILaunchScreen_Generation = YES;
				INFOPLIST_KEY_UISupportedInterfaceOrientations_iPad = "UIInterfaceOrientationPortrait UIInterfaceOrientationPortraitUpsideDown UIInterfaceOrientationLandscapeLeft UIInterfaceOrientationLandscapeRight";
				INFOPLIST_KEY_UISupportedInterfaceOrientations_iPhone = "UIInterfaceOrientationPortrait UIInterfaceOrientationLandscapeLeft UIInterfaceOrientationLandscapeRight";
				LD_RUNPATH_SEARCH_PATHS = (
					"$(inherited)",
					"@executable_path/Frameworks",
				);
				MARKETING_VERSION = 1.0;
				PRODUCT_BUNDLE_IDENTIFIER = com.carlosdp.HotOrBot;
				PRODUCT_NAME = "$(TARGET_NAME)";
				SWIFT_EMIT_LOC_STRINGS = YES;
				SWIFT_VERSION = 5.0;
				TARGETED_DEVICE_FAMILY = "1,2";
			};
			name = Release;
		};
/* End XCBuildConfiguration section */

/* Begin XCConfigurationList section */
		BFE41C3E2B87D64C004462A4 /* Build configuration list for PBXProject "HotOrBot" */ = {
			isa = XCConfigurationList;
			buildConfigurations = (
				BFE41C4F2B87D650004462A4 /* Debug */,
				BFE41C502B87D650004462A4 /* Release */,
			);
			defaultConfigurationIsVisible = 0;
			defaultConfigurationName = Release;
		};
		BFE41C512B87D650004462A4 /* Build configuration list for PBXNativeTarget "HotOrBot" */ = {
			isa = XCConfigurationList;
			buildConfigurations = (
				BFE41C522B87D650004462A4 /* Debug */,
				BFE41C532B87D650004462A4 /* Release */,
			);
			defaultConfigurationIsVisible = 0;
			defaultConfigurationName = Release;
		};
/* End XCConfigurationList section */

/* Begin XCRemoteSwiftPackageReference section */
		BFE41C542B87D690004462A4 /* XCRemoteSwiftPackageReference "supabase-swift" */ = {
			isa = XCRemoteSwiftPackageReference;
			repositoryURL = "https://github.com/supabase-community/supabase-swift.git";
			requirement = {
				kind = upToNextMajorVersion;
				minimumVersion = 2.3.1;
			};
		};
/* End XCRemoteSwiftPackageReference section */

/* Begin XCSwiftPackageProductDependency section */
		BFE41C552B87D690004462A4 /* Auth */ = {
			isa = XCSwiftPackageProductDependency;
			package = BFE41C542B87D690004462A4 /* XCRemoteSwiftPackageReference "supabase-swift" */;
			productName = Auth;
		};
		BFE41C572B87D690004462A4 /* Functions */ = {
			isa = XCSwiftPackageProductDependency;
			package = BFE41C542B87D690004462A4 /* XCRemoteSwiftPackageReference "supabase-swift" */;
			productName = Functions;
		};
		BFE41C592B87D690004462A4 /* PostgREST */ = {
			isa = XCSwiftPackageProductDependency;
			package = BFE41C542B87D690004462A4 /* XCRemoteSwiftPackageReference "supabase-swift" */;
			productName = PostgREST;
		};
		BFE41C5B2B87D690004462A4 /* Realtime */ = {
			isa = XCSwiftPackageProductDependency;
			package = BFE41C542B87D690004462A4 /* XCRemoteSwiftPackageReference "supabase-swift" */;
			productName = Realtime;
		};
		BFE41C5D2B87D690004462A4 /* Storage */ = {
			isa = XCSwiftPackageProductDependency;
			package = BFE41C542B87D690004462A4 /* XCRemoteSwiftPackageReference "supabase-swift" */;
			productName = Storage;
		};
		BFE41C5F2B87D690004462A4 /* Supabase */ = {
			isa = XCSwiftPackageProductDependency;
			package = BFE41C542B87D690004462A4 /* XCRemoteSwiftPackageReference "supabase-swift" */;
			productName = Supabase;
		};
/* End XCSwiftPackageProductDependency section */
	};
	rootObject = BFE41C3B2B87D64C004462A4 /* Project object */;
}
